
Microsoft Visual Studio Solution File, Format Version 12.00
# Visual Studio 15
VisualStudioVersion = 15.0.28010.2041
MinimumVisualStudioVersion = 10.0.40219.1
Project("{FAE04EC0-301F-11D3-BF4B-00C04F79EFBC}") = "GreenhouseWebApp", "GreenhouseWebApp\GreenhouseWebApp.csproj", "{86BF8096-99C7-4334-BE34-E9B95F2A972F}"
EndProject
Project("{FAE04EC0-301F-11D3-BF4B-00C04F79EFBC}") = "BDD", "BDD\BDD.csproj", "{0DFC28F2-AF78-49B4-BC59-6C4BD72BD09C}"
EndProject
Global
	GlobalSection(SolutionConfigurationPlatforms) = preSolution
		Debug|Any CPU = Debug|Any CPU
		Release|Any CPU = Release|Any CPU
	EndGlobalSection
	GlobalSection(ProjectConfigurationPlatforms) = postSolution
		{86BF8096-99C7-4334-BE34-E9B95F2A972F}.Debug|Any CPU.ActiveCfg = Debug|Any CPU
		{86BF8096-99C7-4334-BE34-E9B95F2A972F}.Debug|Any CPU.Build.0 = Debug|Any CPU
		{86BF8096-99C7-4334-BE34-E9B95F2A972F}.Release|Any CPU.ActiveCfg = Release|Any CPU
		{86BF8096-99C7-4334-BE34-E9B95F2A972F}.Release|Any CPU.Build.0 = Release|Any CPU
		{0DFC28F2-AF78-49B4-BC59-6C4BD72BD09C}.Debug|Any CPU.ActiveCfg = Debug|Any CPU
		{0DFC28F2-AF78-49B4-BC59-6C4BD72BD09C}.Debug|Any CPU.Build.0 = Debug|Any CPU
		{0DFC28F2-AF78-49B4-BC59-6C4BD72BD09C}.Release|Any CPU.ActiveCfg = Release|Any CPU
		{0DFC28F2-AF78-49B4-BC59-6C4BD72BD09C}.Release|Any CPU.Build.0 = Release|Any CPU
	EndGlobalSection
	GlobalSection(SolutionProperties) = preSolution
		HideSolutionNode = FALSE
	EndGlobalSection
	GlobalSection(ExtensibilityGlobals) = postSolution
		SolutionGuid = {962F3800-476D-4849-8230-4161A8BBDBE7}
	EndGlobalSection
EndGlobal
